
Microsoft Visual Studio Solution File, Format Version 12.00
# Visual Studio Version 17
VisualStudioVersion = 17.12.35527.113
MinimumVisualStudioVersion = 10.0.40219.1
Project("{FAE04EC0-301F-11D3-BF4B-00C04F79EFBC}") = "EmpMgmt.Web", "src\EmployeeManagement.Web\EmpMgmt.Web.csproj", "{B98F6817-CB00-4F82-8ABF-E11C9E8B8F53}"
EndProject
Project("{FAE04EC0-301F-11D3-BF4B-00C04F79EFBC}") = "EmpMgmt.Core", "src\EmployeeManagement.Core\EmpMgmt.Core.csproj", "{ADC21EBF-C18C-42F4-9644-37BB32F06E01}"
EndProject
Project("{FAE04EC0-301F-11D3-BF4B-00C04F79EFBC}") = "EmpMgmt.DataAccess", "src\EmployeeManagement.DataAccessLayer\EmpMgmt.DataAccess.csproj", "{078CFC9E-CA1D-48AE-8572-83AD460F0399}"
EndProject
Global
	GlobalSection(SolutionConfigurationPlatforms) = preSolution
		Debug|Any CPU = Debug|Any CPU
		Release|Any CPU = Release|Any CPU
	EndGlobalSection
	GlobalSection(ProjectConfigurationPlatforms) = postSolution
		{B98F6817-CB00-4F82-8ABF-E11C9E8B8F53}.Debug|Any CPU.ActiveCfg = Debug|Any CPU
		{B98F6817-CB00-4F82-8ABF-E11C9E8B8F53}.Debug|Any CPU.Build.0 = Debug|Any CPU
		{B98F6817-CB00-4F82-8ABF-E11C9E8B8F53}.Release|Any CPU.ActiveCfg = Release|Any CPU
		{B98F6817-CB00-4F82-8ABF-E11C9E8B8F53}.Release|Any CPU.Build.0 = Release|Any CPU
		{ADC21EBF-C18C-42F4-9644-37BB32F06E01}.Debug|Any CPU.ActiveCfg = Debug|Any CPU
		{ADC21EBF-C18C-42F4-9644-37BB32F06E01}.Debug|Any CPU.Build.0 = Debug|Any CPU
		{ADC21EBF-C18C-42F4-9644-37BB32F06E01}.Release|Any CPU.ActiveCfg = Release|Any CPU
		{ADC21EBF-C18C-42F4-9644-37BB32F06E01}.Release|Any CPU.Build.0 = Release|Any CPU
		{078CFC9E-CA1D-48AE-8572-83AD460F0399}.Debug|Any CPU.ActiveCfg = Debug|Any CPU
		{078CFC9E-CA1D-48AE-8572-83AD460F0399}.Debug|Any CPU.Build.0 = Debug|Any CPU
		{078CFC9E-CA1D-48AE-8572-83AD460F0399}.Release|Any CPU.ActiveCfg = Release|Any CPU
		{078CFC9E-CA1D-48AE-8572-83AD460F0399}.Release|Any CPU.Build.0 = Release|Any CPU
	EndGlobalSection
	GlobalSection(SolutionProperties) = preSolution
		HideSolutionNode = FALSE
	EndGlobalSection
EndGlobal
